// !$*UTF8*$!
{
	archiveVersion = 1;
	classes = {
	};
	objectVersion = 56;
	objects = {

/* Begin PBXBuildFile section */
		487ECEA32B5657CE006710D6 /* AppDelegate.swift in Sources */ = {isa = PBXBuildFile; fileRef = 487ECEA22B5657CE006710D6 /* AppDelegate.swift */; };
		487ECEA52B5657CE006710D6 /* SceneDelegate.swift in Sources */ = {isa = PBXBuildFile; fileRef = 487ECEA42B5657CE006710D6 /* SceneDelegate.swift */; };
		487ECEA72B5657CE006710D6 /* ViewController.swift in Sources */ = {isa = PBXBuildFile; fileRef = 487ECEA62B5657CE006710D6 /* ViewController.swift */; };
		487ECEAA2B5657CE006710D6 /* Main.storyboard in Resources */ = {isa = PBXBuildFile; fileRef = 487ECEA82B5657CE006710D6 /* Main.storyboard */; };
		487ECEAC2B5657D0006710D6 /* Assets.xcassets in Resources */ = {isa = PBXBuildFile; fileRef = 487ECEAB2B5657D0006710D6 /* Assets.xcassets */; };
		487ECEAF2B5657D0006710D6 /* LaunchScreen.storyboard in Resources */ = {isa = PBXBuildFile; fileRef = 487ECEAD2B5657D0006710D6 /* LaunchScreen.storyboard */; };
		487ECEBA2B5657D0006710D6 /* newTests.swift in Sources */ = {isa = PBXBuildFile; fileRef = 487ECEB92B5657D0006710D6 /* newTests.swift */; };
		487ECEC42B5657D0006710D6 /* newUITests.swift in Sources */ = {isa = PBXBuildFile; fileRef = 487ECEC32B5657D0006710D6 /* newUITests.swift */; };
		487ECEC62B5657D0006710D6 /* newUITestsLaunchTests.swift in Sources */ = {isa = PBXBuildFile; fileRef = 487ECEC52B5657D0006710D6 /* newUITestsLaunchTests.swift */; };
/* End PBXBuildFile section */

/* Begin PBXContainerItemProxy section */
		487ECEB62B5657D0006710D6 /* PBXContainerItemProxy */ = {
			isa = PBXContainerItemProxy;
			containerPortal = 487ECE972B5657CE006710D6 /* Project object */;
			proxyType = 1;
			remoteGlobalIDString = 487ECE9E2B5657CE006710D6;
			remoteInfo = new;
		};
		487ECEC02B5657D0006710D6 /* PBXContainerItemProxy */ = {
			isa = PBXContainerItemProxy;
			containerPortal = 487ECE972B5657CE006710D6 /* Project object */;
			proxyType = 1;
			remoteGlobalIDString = 487ECE9E2B5657CE006710D6;
			remoteInfo = new;
		};
/* End PBXContainerItemProxy section */

/* Begin PBXFileReference section */
		487ECE9F2B5657CE006710D6 /* new.app */ = {isa = PBXFileReference; explicitFileType = wrapper.application; includeInIndex = 0; path = new.app; sourceTree = BUILT_PRODUCTS_DIR; };
		487ECEA22B5657CE006710D6 /* AppDelegate.swift */ = {isa = PBXFileReference; lastKnownFileType = sourcecode.swift; path = AppDelegate.swift; sourceTree = "<group>"; };
		487ECEA42B5657CE006710D6 /* SceneDelegate.swift */ = {isa = PBXFileReference; lastKnownFileType = sourcecode.swift; path = SceneDelegate.swift; sourceTree = "<group>"; };
		487ECEA62B5657CE006710D6 /* ViewController.swift */ = {isa = PBXFileReference; lastKnownFileType = sourcecode.swift; path = ViewController.swift; sourceTree = "<group>"; };
		487ECEA92B5657CE006710D6 /* Base */ = {isa = PBXFileReference; lastKnownFileType = file.storyboard; name = Base; path = Base.lproj/Main.storyboard; sourceTree = "<group>"; };
		487ECEAB2B5657D0006710D6 /* Assets.xcassets */ = {isa = PBXFileReference; lastKnownFileType = folder.assetcatalog; path = Assets.xcassets; sourceTree = "<group>"; };
		487ECEAE2B5657D0006710D6 /* Base */ = {isa = PBXFileReference; lastKnownFileType = file.storyboard; name = Base; path = Base.lproj/LaunchScreen.storyboard; sourceTree = "<group>"; };
		487ECEB02B5657D0006710D6 /* Info.plist */ = {isa = PBXFileReference; lastKnownFileType = text.plist.xml; path = Info.plist; sourceTree = "<group>"; };
		487ECEB52B5657D0006710D6 /* newTests.xctest */ = {isa = PBXFileReference; explicitFileType = wrapper.cfbundle; includeInIndex = 0; path = newTests.xctest; sourceTree = BUILT_PRODUCTS_DIR; };
		487ECEB92B5657D0006710D6 /* newTests.swift */ = {isa = PBXFileReference; lastKnownFileType = sourcecode.swift; path = newTests.swift; sourceTree = "<group>"; };
		487ECEBF2B5657D0006710D6 /* newUITests.xctest */ = {isa = PBXFileReference; explicitFileType = wrapper.cfbundle; includeInIndex = 0; path = newUITests.xctest; sourceTree = BUILT_PRODUCTS_DIR; };
		487ECEC32B5657D0006710D6 /* newUITests.swift */ = {isa = PBXFileReference; lastKnownFileType = sourcecode.swift; path = newUITests.swift; sourceTree = "<group>"; };
		487ECEC52B5657D0006710D6 /* newUITestsLaunchTests.swift */ = {isa = PBXFileReference; lastKnownFileType = sourcecode.swift; path = newUITestsLaunchTests.swift; sourceTree = "<group>"; };
/* End PBXFileReference section */

/* Begin PBXFrameworksBuildPhase section */
		487ECE9C2B5657CE006710D6 /* Frameworks */ = {
			isa = PBXFrameworksBuildPhase;
			buildActionMask = 2147483647;
			files = (
			);
			runOnlyForDeploymentPostprocessing = 0;
		};
		487ECEB22B5657D0006710D6 /* Frameworks */ = {
			isa = PBXFrameworksBuildPhase;
			buildActionMask = 2147483647;
			files = (
			);
			runOnlyForDeploymentPostprocessing = 0;
		};
		487ECEBC2B5657D0006710D6 /* Frameworks */ = {
			isa = PBXFrameworksBuildPhase;
			buildActionMask = 2147483647;
			files = (
			);
			runOnlyForDeploymentPostprocessing = 0;
		};
/* End PBXFrameworksBuildPhase section */

/* Begin PBXGroup section */
		487ECE962B5657CE006710D6 = {
			isa = PBXGroup;
			children = (
				487ECEA12B5657CE006710D6 /* new */,
				487ECEB82B5657D0006710D6 /* newTests */,
				487ECEC22B5657D0006710D6 /* newUITests */,
				487ECEA02B5657CE006710D6 /* Products */,
			);
			sourceTree = "<group>";
		};
		487ECEA02B5657CE006710D6 /* Products */ = {
			isa = PBXGroup;
			children = (
				487ECE9F2B5657CE006710D6 /* new.app */,
				487ECEB52B5657D0006710D6 /* newTests.xctest */,
				487ECEBF2B5657D0006710D6 /* newUITests.xctest */,
			);
			name = Products;
			sourceTree = "<group>";
		};
		487ECEA12B5657CE006710D6 /* new */ = {
			isa = PBXGroup;
			children = (
				487ECEA22B5657CE006710D6 /* AppDelegate.swift */,
				487ECEA42B5657CE006710D6 /* SceneDelegate.swift */,
				487ECEA62B5657CE006710D6 /* ViewController.swift */,
				487ECEA82B5657CE006710D6 /* Main.storyboard */,
				487ECEAB2B5657D0006710D6 /* Assets.xcassets */,
				487ECEAD2B5657D0006710D6 /* LaunchScreen.storyboard */,
				487ECEB02B5657D0006710D6 /* Info.plist */,
			);
			path = new;
			sourceTree = "<group>";
		};
		487ECEB82B5657D0006710D6 /* newTests */ = {
			isa = PBXGroup;
			children = (
				487ECEB92B5657D0006710D6 /* newTests.swift */,
			);
			path = newTests;
			sourceTree = "<group>";
		};
		487ECEC22B5657D0006710D6 /* newUITests */ = {
			isa = PBXGroup;
			children = (
				487ECEC32B5657D0006710D6 /* newUITests.swift */,
				487ECEC52B5657D0006710D6 /* newUITestsLaunchTests.swift */,
			);
			path = newUITests;
			sourceTree = "<group>";
		};
/* End PBXGroup section */

/* Begin PBXNativeTarget section */
		487ECE9E2B5657CE006710D6 /* new */ = {
			isa = PBXNativeTarget;
			buildConfigurationList = 487ECEC92B5657D0006710D6 /* Build configuration list for PBXNativeTarget "new" */;
			buildPhases = (
				487ECE9B2B5657CE006710D6 /* Sources */,
				487ECE9C2B5657CE006710D6 /* Frameworks */,
				487ECE9D2B5657CE006710D6 /* Resources */,
			);
			buildRules = (
			);
			dependencies = (
			);
			name = new;
			productName = new;
			productReference = 487ECE9F2B5657CE006710D6 /* new.app */;
			productType = "com.apple.product-type.application";
		};
		487ECEB42B5657D0006710D6 /* newTests */ = {
			isa = PBXNativeTarget;
			buildConfigurationList = 487ECECC2B5657D0006710D6 /* Build configuration list for PBXNativeTarget "newTests" */;
			buildPhases = (
				487ECEB12B5657D0006710D6 /* Sources */,
				487ECEB22B5657D0006710D6 /* Frameworks */,
				487ECEB32B5657D0006710D6 /* Resources */,
			);
			buildRules = (
			);
			dependencies = (
				487ECEB72B5657D0006710D6 /* PBXTargetDependency */,
			);
			name = newTests;
			productName = newTests;
			productReference = 487ECEB52B5657D0006710D6 /* newTests.xctest */;
			productType = "com.apple.product-type.bundle.unit-test";
		};
		487ECEBE2B5657D0006710D6 /* newUITests */ = {
			isa = PBXNativeTarget;
			buildConfigurationList = 487ECECF2B5657D0006710D6 /* Build configuration list for PBXNativeTarget "newUITests" */;
			buildPhases = (
				487ECEBB2B5657D0006710D6 /* Sources */,
				487ECEBC2B5657D0006710D6 /* Frameworks */,
				487ECEBD2B5657D0006710D6 /* Resources */,
			);
			buildRules = (
			);
			dependencies = (
				487ECEC12B5657D0006710D6 /* PBXTargetDependency */,
			);
			name = newUITests;
			productName = newUITests;
			productReference = 487ECEBF2B5657D0006710D6 /* newUITests.xctest */;
			productType = "com.apple.product-type.bundle.ui-testing";
		};
/* End PBXNativeTarget section */

/* Begin PBXProject section */
		487ECE972B5657CE006710D6 /* Project object */ = {
			isa = PBXProject;
			attributes = {
				BuildIndependentTargetsInParallel = 1;
				LastSwiftUpdateCheck = 1520;
				LastUpgradeCheck = 1520;
				TargetAttributes = {
					487ECE9E2B5657CE006710D6 = {
						CreatedOnToolsVersion = 15.2;
					};
					487ECEB42B5657D0006710D6 = {
						CreatedOnToolsVersion = 15.2;
						TestTargetID = 487ECE9E2B5657CE006710D6;
					};
					487ECEBE2B5657D0006710D6 = {
						CreatedOnToolsVersion = 15.2;
						TestTargetID = 487ECE9E2B5657CE006710D6;
					};
				};
			};
			buildConfigurationList = 487ECE9A2B5657CE006710D6 /* Build configuration list for PBXProject "new" */;
			compatibilityVersion = "Xcode 14.0";
			developmentRegion = en;
			hasScannedForEncodings = 0;
			knownRegions = (
				en,
				Base,
			);
			mainGroup = 487ECE962B5657CE006710D6;
			productRefGroup = 487ECEA02B5657CE006710D6 /* Products */;
			projectDirPath = "";
			projectRoot = "";
			targets = (
				487ECE9E2B5657CE006710D6 /* new */,
				487ECEB42B5657D0006710D6 /* newTests */,
				487ECEBE2B5657D0006710D6 /* newUITests */,
			);
		};
/* End PBXProject section */

/* Begin PBXResourcesBuildPhase section */
		487ECE9D2B5657CE006710D6 /* Resources */ = {
			isa = PBXResourcesBuildPhase;
			buildActionMask = 2147483647;
			files = (
				487ECEAF2B5657D0006710D6 /* LaunchScreen.storyboard in Resources */,
				487ECEAC2B5657D0006710D6 /* Assets.xcassets in Resources */,
				487ECEAA2B5657CE006710D6 /* Main.storyboard in Resources */,
			);
			runOnlyForDeploymentPostprocessing = 0;
		};
		487ECEB32B5657D0006710D6 /* Resources */ = {
			isa = PBXResourcesBuildPhase;
			buildActionMask = 2147483647;
			files = (
			);
			runOnlyForDeploymentPostprocessing = 0;
		};
		487ECEBD2B5657D0006710D6 /* Resources */ = {
			isa = PBXResourcesBuildPhase;
			buildActionMask = 2147483647;
			files = (
			);
			runOnlyForDeploymentPostprocessing = 0;
		};
/* End PBXResourcesBuildPhase section */

/* Begin PBXSourcesBuildPhase section */
		487ECE9B2B5657CE006710D6 /* Sources */ = {
			isa = PBXSourcesBuildPhase;
			buildActionMask = 2147483647;
			files = (
				487ECEA72B5657CE006710D6 /* ViewController.swift in Sources */,
				487ECEA32B5657CE006710D6 /* AppDelegate.swift in Sources */,
				487ECEA52B5657CE006710D6 /* SceneDelegate.swift in Sources */,
			);
			runOnlyForDeploymentPostprocessing = 0;
		};
		487ECEB12B5657D0006710D6 /* Sources */ = {
			isa = PBXSourcesBuildPhase;
			buildActionMask = 2147483647;
			files = (
				487ECEBA2B5657D0006710D6 /* newTests.swift in Sources */,
			);
			runOnlyForDeploymentPostprocessing = 0;
		};
		487ECEBB2B5657D0006710D6 /* Sources */ = {
			isa = PBXSourcesBuildPhase;
			buildActionMask = 2147483647;
			files = (
				487ECEC42B5657D0006710D6 /* newUITests.swift in Sources */,
				487ECEC62B5657D0006710D6 /* newUITestsLaunchTests.swift in Sources */,
			);
			runOnlyForDeploymentPostprocessing = 0;
		};
/* End PBXSourcesBuildPhase section */

/* Begin PBXTargetDependency section */
		487ECEB72B5657D0006710D6 /* PBXTargetDependency */ = {
			isa = PBXTargetDependency;
			target = 487ECE9E2B5657CE006710D6 /* new */;
			targetProxy = 487ECEB62B5657D0006710D6 /* PBXContainerItemProxy */;
		};
		487ECEC12B5657D0006710D6 /* PBXTargetDependency */ = {
			isa = PBXTargetDependency;
			target = 487ECE9E2B5657CE006710D6 /* new */;
			targetProxy = 487ECEC02B5657D0006710D6 /* PBXContainerItemProxy */;
		};
/* End PBXTargetDependency section */

/* Begin PBXVariantGroup section */
		487ECEA82B5657CE006710D6 /* Main.storyboard */ = {
			isa = PBXVariantGroup;
			children = (
				487ECEA92B5657CE006710D6 /* Base */,
			);
			name = Main.storyboard;
			sourceTree = "<group>";
		};
		487ECEAD2B5657D0006710D6 /* LaunchScreen.storyboard */ = {
			isa = PBXVariantGroup;
			children = (
				487ECEAE2B5657D0006710D6 /* Base */,
			);
			name = LaunchScreen.storyboard;
			sourceTree = "<group>";
		};
/* End PBXVariantGroup section */

/* Begin XCBuildConfiguration section */
		487ECEC72B5657D0006710D6 /* Debug */ = {
			isa = XCBuildConfiguration;
			buildSettings = {
				ALWAYS_SEARCH_USER_PATHS = NO;
				ASSETCATALOG_COMPILER_GENERATE_SWIFT_ASSET_SYMBOL_EXTENSIONS = YES;
				CLANG_ANALYZER_NONNULL = YES;
				CLANG_ANALYZER_NUMBER_OBJECT_CONVERSION = YES_AGGRESSIVE;
				CLANG_CXX_LANGUAGE_STANDARD = "gnu++20";
				CLANG_ENABLE_MODULES = YES;
				CLANG_ENABLE_OBJC_ARC = YES;
				CLANG_ENABLE_OBJC_WEAK = YES;
				CLANG_WARN_BLOCK_CAPTURE_AUTORELEASING = YES;
				CLANG_WARN_BOOL_CONVERSION = YES;
				CLANG_WARN_COMMA = YES;
				CLANG_WARN_CONSTANT_CONVERSION = YES;
				CLANG_WARN_DEPRECATED_OBJC_IMPLEMENTATIONS = YES;
				CLANG_WARN_DIRECT_OBJC_ISA_USAGE = YES_ERROR;
				CLANG_WARN_DOCUMENTATION_COMMENTS = YES;
				CLANG_WARN_EMPTY_BODY = YES;
				CLANG_WARN_ENUM_CONVERSION = YES;
				CLANG_WARN_INFINITE_RECURSION = YES;
				CLANG_WARN_INT_CONVERSION = YES;
				CLANG_WARN_NON_LITERAL_NULL_CONVERSION = YES;
				CLANG_WARN_OBJC_IMPLICIT_RETAIN_SELF = YES;
				CLANG_WARN_OBJC_LITERAL_CONVERSION = YES;
				CLANG_WARN_OBJC_ROOT_CLASS = YES_ERROR;
				CLANG_WARN_QUOTED_INCLUDE_IN_FRAMEWORK_HEADER = YES;
				CLANG_WARN_RANGE_LOOP_ANALYSIS = YES;
				CLANG_WARN_STRICT_PROTOTYPES = YES;
				CLANG_WARN_SUSPICIOUS_MOVE = YES;
				CLANG_WARN_UNGUARDED_AVAILABILITY = YES_AGGRESSIVE;
				CLANG_WARN_UNREACHABLE_CODE = YES;
				CLANG_WARN__DUPLICATE_METHOD_MATCH = YES;
				COPY_PHASE_STRIP = NO;
				DEBUG_INFORMATION_FORMAT = dwarf;
				ENABLE_STRICT_OBJC_MSGSEND = YES;
				ENABLE_TESTABILITY = YES;
				ENABLE_USER_SCRIPT_SANDBOXING = YES;
				GCC_C_LANGUAGE_STANDARD = gnu17;
				GCC_DYNAMIC_NO_PIC = NO;
				GCC_NO_COMMON_BLOCKS = YES;
				GCC_OPTIMIZATION_LEVEL = 0;
				GCC_PREPROCESSOR_DEFINITIONS = (
					"DEBUG=1",
					"$(inherited)",
				);
				GCC_WARN_64_TO_32_BIT_CONVERSION = YES;
				GCC_WARN_ABOUT_RETURN_TYPE = YES_ERROR;
				GCC_WARN_UNDECLARED_SELECTOR = YES;
				GCC_WARN_UNINITIALIZED_AUTOS = YES_AGGRESSIVE;
				GCC_WARN_UNUSED_FUNCTION = YES;
				GCC_WARN_UNUSED_VARIABLE = YES;
				IPHONEOS_DEPLOYMENT_TARGET = 17.2;
				LOCALIZATION_PREFERS_STRING_CATALOGS = YES;
				MTL_ENABLE_DEBUG_INFO = INCLUDE_SOURCE;
				MTL_FAST_MATH = YES;
				ONLY_ACTIVE_ARCH = YES;
				SDKROOT = iphoneos;
				SWIFT_ACTIVE_COMPILATION_CONDITIONS = "DEBUG $(inherited)";
				SWIFT_OPTIMIZATION_LEVEL = "-Onone";
			};
			name = Debug;
		};
		487ECEC82B5657D0006710D6 /* Release */ = {
			isa = XCBuildConfiguration;
			buildSettings = {
				ALWAYS_SEARCH_USER_PATHS = NO;
				ASSETCATALOG_COMPILER_GENERATE_SWIFT_ASSET_SYMBOL_EXTENSIONS = YES;
				CLANG_ANALYZER_NONNULL = YES;
				CLANG_ANALYZER_NUMBER_OBJECT_CONVERSION = YES_AGGRESSIVE;
				CLANG_CXX_LANGUAGE_STANDARD = "gnu++20";
				CLANG_ENABLE_MODULES = YES;
				CLANG_ENABLE_OBJC_ARC = YES;
				CLANG_ENABLE_OBJC_WEAK = YES;
				CLANG_WARN_BLOCK_CAPTURE_AUTORELEASING = YES;
				CLANG_WARN_BOOL_CONVERSION = YES;
				CLANG_WARN_COMMA = YES;
				CLANG_WARN_CONSTANT_CONVERSION = YES;
				CLANG_WARN_DEPRECATED_OBJC_IMPLEMENTATIONS = YES;
				CLANG_WARN_DIRECT_OBJC_ISA_USAGE = YES_ERROR;
				CLANG_WARN_DOCUMENTATION_COMMENTS = YES;
				CLANG_WARN_EMPTY_BODY = YES;
				CLANG_WARN_ENUM_CONVERSION = YES;
				CLANG_WARN_INFINITE_RECURSION = YES;
				CLANG_WARN_INT_CONVERSION = YES;
				CLANG_WARN_NON_LITERAL_NULL_CONVERSION = YES;
				CLANG_WARN_OBJC_IMPLICIT_RETAIN_SELF = YES;
				CLANG_WARN_OBJC_LITERAL_CONVERSION = YES;
				CLANG_WARN_OBJC_ROOT_CLASS = YES_ERROR;
				CLANG_WARN_QUOTED_INCLUDE_IN_FRAMEWORK_HEADER = YES;
				CLANG_WARN_RANGE_LOOP_ANALYSIS = YES;
				CLANG_WARN_STRICT_PROTOTYPES = YES;
				CLANG_WARN_SUSPICIOUS_MOVE = YES;
				CLANG_WARN_UNGUARDED_AVAILABILITY = YES_AGGRESSIVE;
				CLANG_WARN_UNREACHABLE_CODE = YES;
				CLANG_WARN__DUPLICATE_METHOD_MATCH = YES;
				COPY_PHASE_STRIP = NO;
				DEBUG_INFORMATION_FORMAT = "dwarf-with-dsym";
				ENABLE_NS_ASSERTIONS = NO;
				ENABLE_STRICT_OBJC_MSGSEND = YES;
				ENABLE_USER_SCRIPT_SANDBOXING = YES;
				GCC_C_LANGUAGE_STANDARD = gnu17;
				GCC_NO_COMMON_BLOCKS = YES;
				GCC_WARN_64_TO_32_BIT_CONVERSION = YES;
				GCC_WARN_ABOUT_RETURN_TYPE = YES_ERROR;
				GCC_WARN_UNDECLARED_SELECTOR = YES;
				GCC_WARN_UNINITIALIZED_AUTOS = YES_AGGRESSIVE;
				GCC_WARN_UNUSED_FUNCTION = YES;
				GCC_WARN_UNUSED_VARIABLE = YES;
				IPHONEOS_DEPLOYMENT_TARGET = 17.2;
				LOCALIZATION_PREFERS_STRING_CATALOGS = YES;
				MTL_ENABLE_DEBUG_INFO = NO;
				MTL_FAST_MATH = YES;
				SDKROOT = iphoneos;
				SWIFT_COMPILATION_MODE = wholemodule;
				VALIDATE_PRODUCT = YES;
			};
			name = Release;
		};
		487ECECA2B5657D0006710D6 /* Debug */ = {
			isa = XCBuildConfiguration;
			buildSettings = {
				ASSETCATALOG_COMPILER_APPICON_NAME = AppIcon;
				ASSETCATALOG_COMPILER_GLOBAL_ACCENT_COLOR_NAME = AccentColor;
				CODE_SIGN_STYLE = Automatic;
				CURRENT_PROJECT_VERSION = 1;
				GENERATE_INFOPLIST_FILE = YES;
				INFOPLIST_FILE = new/Info.plist;
				INFOPLIST_KEY_UIApplicationSupportsIndirectInputEvents = YES;
				INFOPLIST_KEY_UILaunchStoryboardName = LaunchScreen;
				INFOPLIST_KEY_UIMainStoryboardFile = Main;
				INFOPLIST_KEY_UISupportedInterfaceOrientations_iPad = "UIInterfaceOrientationPortrait UIInterfaceOrientationPortraitUpsideDown UIInterfaceOrientationLandscapeLeft UIInterfaceOrientationLandscapeRight";
				INFOPLIST_KEY_UISupportedInterfaceOrientations_iPhone = "UIInterfaceOrientationPortrait UIInterfaceOrientationLandscapeLeft UIInterfaceOrientationLandscapeRight";
				LD_RUNPATH_SEARCH_PATHS = (
					"$(inherited)",
					"@executable_path/Frameworks",
				);
				MARKETING_VERSION = 1.0;
				PRODUCT_BUNDLE_IDENTIFIER = com.yourcompany.new;
				PRODUCT_NAME = "$(TARGET_NAME)";
				SWIFT_EMIT_LOC_STRINGS = YES;
				SWIFT_VERSION = 5.0;
				TARGETED_DEVICE_FAMILY = "1,2";
			};
			name = Debug;
		};
		487ECECB2B5657D0006710D6 /* Release */ = {
			isa = XCBuildConfiguration;
			buildSettings = {
				ASSETCATALOG_COMPILER_APPICON_NAME = AppIcon;
				ASSETCATALOG_COMPILER_GLOBAL_ACCENT_COLOR_NAME = AccentColor;
				CODE_SIGN_STYLE = Automatic;
				CURRENT_PROJECT_VERSION = 1;
				GENERATE_INFOPLIST_FILE = YES;
				INFOPLIST_FILE = new/Info.plist;
				INFOPLIST_KEY_UIApplicationSupportsIndirectInputEvents = YES;
				INFOPLIST_KEY_UILaunchStoryboardName = LaunchScreen;
				INFOPLIST_KEY_UIMainStoryboardFile = Main;
				INFOPLIST_KEY_UISupportedInterfaceOrientations_iPad = "UIInterfaceOrientationPortrait UIInterfaceOrientationPortraitUpsideDown UIInterfaceOrientationLandscapeLeft UIInterfaceOrientationLandscapeRight";
				INFOPLIST_KEY_UISupportedInterfaceOrientations_iPhone = "UIInterfaceOrientationPortrait UIInterfaceOrientationLandscapeLeft UIInterfaceOrientationLandscapeRight";
				LD_RUNPATH_SEARCH_PATHS = (
					"$(inherited)",
					"@executable_path/Frameworks",
				);
				MARKETING_VERSION = 1.0;
				PRODUCT_BUNDLE_IDENTIFIER = com.yourcompany.new;
				PRODUCT_NAME = "$(TARGET_NAME)";
				SWIFT_EMIT_LOC_STRINGS = YES;
				SWIFT_VERSION = 5.0;
				TARGETED_DEVICE_FAMILY = "1,2";
			};
			name = Release;
		};
		487ECECD2B5657D0006710D6 /* Debug */ = {
			isa = XCBuildConfiguration;
			buildSettings = {
				ALWAYS_EMBED_SWIFT_STANDARD_LIBRARIES = YES;
				BUNDLE_LOADER = "$(TEST_HOST)";
				CODE_SIGN_STYLE = Automatic;
				CURRENT_PROJECT_VERSION = 1;
				GENERATE_INFOPLIST_FILE = YES;
				IPHONEOS_DEPLOYMENT_TARGET = 17.2;
				MARKETING_VERSION = 1.0;
				PRODUCT_BUNDLE_IDENTIFIER = com.yourcompany.newTests;
				PRODUCT_NAME = "$(TARGET_NAME)";
				SWIFT_EMIT_LOC_STRINGS = NO;
				SWIFT_VERSION = 5.0;
				TARGETED_DEVICE_FAMILY = "1,2";
				TEST_HOST = "$(BUILT_PRODUCTS_DIR)/new.app/$(BUNDLE_EXECUTABLE_FOLDER_PATH)/new";
			};
			name = Debug;
		};
		487ECECE2B5657D0006710D6 /* Release */ = {
			isa = XCBuildConfiguration;
			buildSettings = {
				ALWAYS_EMBED_SWIFT_STANDARD_LIBRARIES = YES;
				BUNDLE_LOADER = "$(TEST_HOST)";
				CODE_SIGN_STYLE = Automatic;
				CURRENT_PROJECT_VERSION = 1;
				GENERATE_INFOPLIST_FILE = YES;
				IPHONEOS_DEPLOYMENT_TARGET = 17.2;
				MARKETING_VERSION = 1.0;
				PRODUCT_BUNDLE_IDENTIFIER = com.yourcompany.newTests;
				PRODUCT_NAME = "$(TARGET_NAME)";
				SWIFT_EMIT_LOC_STRINGS = NO;
				SWIFT_VERSION = 5.0;
				TARGETED_DEVICE_FAMILY = "1,2";
				TEST_HOST = "$(BUILT_PRODUCTS_DIR)/new.app/$(BUNDLE_EXECUTABLE_FOLDER_PATH)/new";
			};
			name = Release;
		};
		487ECED02B5657D0006710D6 /* Debug */ = {
			isa = XCBuildConfiguration;
			buildSettings = {
				ALWAYS_EMBED_SWIFT_STANDARD_LIBRARIES = YES;
				CODE_SIGN_STYLE = Automatic;
				CURRENT_PROJECT_VERSION = 1;
				GENERATE_INFOPLIST_FILE = YES;
				MARKETING_VERSION = 1.0;
				PRODUCT_BUNDLE_IDENTIFIER = com.yourcompany.newUITests;
				PRODUCT_NAME = "$(TARGET_NAME)";
				SWIFT_EMIT_LOC_STRINGS = NO;
				SWIFT_VERSION = 5.0;
				TARGETED_DEVICE_FAMILY = "1,2";
				TEST_TARGET_NAME = new;
			};
			name = Debug;
		};
		487ECED12B5657D0006710D6 /* Release */ = {
			isa = XCBuildConfiguration;
			buildSettings = {
				ALWAYS_EMBED_SWIFT_STANDARD_LIBRARIES = YES;
				CODE_SIGN_STYLE = Automatic;
				CURRENT_PROJECT_VERSION = 1;
				GENERATE_INFOPLIST_FILE = YES;
				MARKETING_VERSION = 1.0;
				PRODUCT_BUNDLE_IDENTIFIER = com.yourcompany.newUITests;
				PRODUCT_NAME = "$(TARGET_NAME)";
				SWIFT_EMIT_LOC_STRINGS = NO;
				SWIFT_VERSION = 5.0;
				TARGETED_DEVICE_FAMILY = "1,2";
				TEST_TARGET_NAME = new;
			};
			name = Release;
		};
/* End XCBuildConfiguration section */

/* Begin XCConfigurationList section */
		487ECE9A2B5657CE006710D6 /* Build configuration list for PBXProject "new" */ = {
			isa = XCConfigurationList;
			buildConfigurations = (
				487ECEC72B5657D0006710D6 /* Debug */,
				487ECEC82B5657D0006710D6 /* Release */,
			);
			defaultConfigurationIsVisible = 0;
			defaultConfigurationName = Release;
		};
		487ECEC92B5657D0006710D6 /* Build configuration list for PBXNativeTarget "new" */ = {
			isa = XCConfigurationList;
			buildConfigurations = (
				487ECECA2B5657D0006710D6 /* Debug */,
				487ECECB2B5657D0006710D6 /* Release */,
			);
			defaultConfigurationIsVisible = 0;
			defaultConfigurationName = Release;
		};
		487ECECC2B5657D0006710D6 /* Build configuration list for PBXNativeTarget "newTests" */ = {
			isa = XCConfigurationList;
			buildConfigurations = (
				487ECECD2B5657D0006710D6 /* Debug */,
				487ECECE2B5657D0006710D6 /* Release */,
			);
			defaultConfigurationIsVisible = 0;
			defaultConfigurationName = Release;
		};
		487ECECF2B5657D0006710D6 /* Build configuration list for PBXNativeTarget "newUITests" */ = {
			isa = XCConfigurationList;
			buildConfigurations = (
				487ECED02B5657D0006710D6 /* Debug */,
				487ECED12B5657D0006710D6 /* Release */,
			);
			defaultConfigurationIsVisible = 0;
			defaultConfigurationName = Release;
		};
/* End XCConfigurationList section */
	};
	rootObject = 487ECE972B5657CE006710D6 /* Project object */;
}
